// !$*UTF8*$!
{
	archiveVersion = 1;
	classes = {
	};
	objectVersion = 46;
	objects = {

/* Begin PBXBuildFile section */
		F3C9520C1BD9481300ED3C20 /* Server.framework in Frameworks */ = {isa = PBXBuildFile; fileRef = F3C9520B1BD9481300ED3C20 /* Server.framework */; settings = {ASSET_TAGS = (); }; };
		F3F4B8E01BD92CB800A8C138 /* AppDelegate.swift in Sources */ = {isa = PBXBuildFile; fileRef = F3F4B8DF1BD92CB800A8C138 /* AppDelegate.swift */; };
		F3F4B8E21BD92CB800A8C138 /* ViewController.swift in Sources */ = {isa = PBXBuildFile; fileRef = F3F4B8E11BD92CB800A8C138 /* ViewController.swift */; };
		F3F4B8E51BD92CB800A8C138 /* Main.storyboard in Resources */ = {isa = PBXBuildFile; fileRef = F3F4B8E31BD92CB800A8C138 /* Main.storyboard */; };
		F3F4B8E71BD92CB800A8C138 /* Assets.xcassets in Resources */ = {isa = PBXBuildFile; fileRef = F3F4B8E61BD92CB800A8C138 /* Assets.xcassets */; };
		F3F4B8EA1BD92CB800A8C138 /* LaunchScreen.storyboard in Resources */ = {isa = PBXBuildFile; fileRef = F3F4B8E81BD92CB800A8C138 /* LaunchScreen.storyboard */; };
/* End PBXBuildFile section */

/* Begin PBXFileReference section */
		F3C9520B1BD9481300ED3C20 /* Server.framework */ = {isa = PBXFileReference; lastKnownFileType = wrapper.framework; path = Server.framework; sourceTree = "<group>"; };
		F3F4B8DC1BD92CB800A8C138 /* golangServer.app */ = {isa = PBXFileReference; explicitFileType = wrapper.application; includeInIndex = 0; path = golangServer.app; sourceTree = BUILT_PRODUCTS_DIR; };
		F3F4B8DF1BD92CB800A8C138 /* AppDelegate.swift */ = {isa = PBXFileReference; lastKnownFileType = sourcecode.swift; path = AppDelegate.swift; sourceTree = "<group>"; };
		F3F4B8E11BD92CB800A8C138 /* ViewController.swift */ = {isa = PBXFileReference; lastKnownFileType = sourcecode.swift; path = ViewController.swift; sourceTree = "<group>"; };
		F3F4B8E41BD92CB800A8C138 /* Base */ = {isa = PBXFileReference; lastKnownFileType = file.storyboard; name = Base; path = Base.lproj/Main.storyboard; sourceTree = "<group>"; };
		F3F4B8E61BD92CB800A8C138 /* Assets.xcassets */ = {isa = PBXFileReference; lastKnownFileType = folder.assetcatalog; path = Assets.xcassets; sourceTree = "<group>"; };
		F3F4B8E91BD92CB800A8C138 /* Base */ = {isa = PBXFileReference; lastKnownFileType = file.storyboard; name = Base; path = Base.lproj/LaunchScreen.storyboard; sourceTree = "<group>"; };
		F3F4B8EB1BD92CB800A8C138 /* Info.plist */ = {isa = PBXFileReference; lastKnownFileType = text.plist.xml; path = Info.plist; sourceTree = "<group>"; };
/* End PBXFileReference section */

/* Begin PBXFrameworksBuildPhase section */
		F3F4B8D91BD92CB800A8C138 /* Frameworks */ = {
			isa = PBXFrameworksBuildPhase;
			buildActionMask = 2147483647;
			files = (
				F3C9520C1BD9481300ED3C20 /* Server.framework in Frameworks */,
			);
			runOnlyForDeploymentPostprocessing = 0;
		};
/* End PBXFrameworksBuildPhase section */

/* Begin PBXGroup section */
		F3F4B8D31BD92CB800A8C138 = {
			isa = PBXGroup;
			children = (
				F3C9520B1BD9481300ED3C20 /* Server.framework */,
				F3F4B8DE1BD92CB800A8C138 /* golangServer */,
				F3F4B8DD1BD92CB800A8C138 /* Products */,
			);
			sourceTree = "<group>";
		};
		F3F4B8DD1BD92CB800A8C138 /* Products */ = {
			isa = PBXGroup;
			children = (
				F3F4B8DC1BD92CB800A8C138 /* golangServer.app */,
			);
			name = Products;
			sourceTree = "<group>";
		};
		F3F4B8DE1BD92CB800A8C138 /* golangServer */ = {
			isa = PBXGroup;
			children = (
				F3F4B8DF1BD92CB800A8C138 /* AppDelegate.swift */,
				F3F4B8E11BD92CB800A8C138 /* ViewController.swift */,
				F3F4B8E31BD92CB800A8C138 /* Main.storyboard */,
				F3F4B8E61BD92CB800A8C138 /* Assets.xcassets */,
				F3F4B8E81BD92CB800A8C138 /* LaunchScreen.storyboard */,
				F3F4B8EB1BD92CB800A8C138 /* Info.plist */,
			);
			path = golangServer;
			sourceTree = "<group>";
		};
/* End PBXGroup section */

/* Begin PBXNativeTarget section */
		F3F4B8DB1BD92CB800A8C138 /* golangServer */ = {
			isa = PBXNativeTarget;
			buildConfigurationList = F3F4B8EE1BD92CB800A8C138 /* Build configuration list for PBXNativeTarget "golangServer" */;
			buildPhases = (
				F3F4B8D81BD92CB800A8C138 /* Sources */,
				F3F4B8D91BD92CB800A8C138 /* Frameworks */,
				F3F4B8DA1BD92CB800A8C138 /* Resources */,
			);
			buildRules = (
			);
			dependencies = (
			);
			name = golangServer;
			productName = golangServer;
			productReference = F3F4B8DC1BD92CB800A8C138 /* golangServer.app */;
			productType = "com.apple.product-type.application";
		};
/* End PBXNativeTarget section */

/* Begin PBXProject section */
		F3F4B8D41BD92CB800A8C138 /* Project object */ = {
			isa = PBXProject;
			attributes = {
				LastUpgradeCheck = 0700;
				ORGANIZATIONNAME = "Sergey Parshukov";
				TargetAttributes = {
					F3F4B8DB1BD92CB800A8C138 = {
						CreatedOnToolsVersion = 7.0.1;
					};
				};
			};
			buildConfigurationList = F3F4B8D71BD92CB800A8C138 /* Build configuration list for PBXProject "golangServer" */;
			compatibilityVersion = "Xcode 3.2";
			developmentRegion = English;
			hasScannedForEncodings = 0;
			knownRegions = (
				en,
				Base,
			);
			mainGroup = F3F4B8D31BD92CB800A8C138;
			productRefGroup = F3F4B8DD1BD92CB800A8C138 /* Products */;
			projectDirPath = "";
			projectRoot = "";
			targets = (
				F3F4B8DB1BD92CB800A8C138 /* golangServer */,
			);
		};
/* End PBXProject section */

/* Begin PBXResourcesBuildPhase section */
		F3F4B8DA1BD92CB800A8C138 /* Resources */ = {
			isa = PBXResourcesBuildPhase;
			buildActionMask = 2147483647;
			files = (
				F3F4B8EA1BD92CB800A8C138 /* LaunchScreen.storyboard in Resources */,
				F3F4B8E71BD92CB800A8C138 /* Assets.xcassets in Resources */,
				F3F4B8E51BD92CB800A8C138 /* Main.storyboard in Resources */,
			);
			runOnlyForDeploymentPostprocessing = 0;
		};
/* End PBXResourcesBuildPhase section */

/* Begin PBXSourcesBuildPhase section */
		F3F4B8D81BD92CB800A8C138 /* Sources */ = {
			isa = PBXSourcesBuildPhase;
			buildActionMask = 2147483647;
			files = (
				F3F4B8E21BD92CB800A8C138 /* ViewController.swift in Sources */,
				F3F4B8E01BD92CB800A8C138 /* AppDelegate.swift in Sources */,
			);
			runOnlyForDeploymentPostprocessing = 0;
		};
/* End PBXSourcesBuildPhase section */

/* Begin PBXVariantGroup section */
		F3F4B8E31BD92CB800A8C138 /* Main.storyboard */ = {
			isa = PBXVariantGroup;
			children = (
				F3F4B8E41BD92CB800A8C138 /* Base */,
			);
			name = Main.storyboard;
			sourceTree = "<group>";
		};
		F3F4B8E81BD92CB800A8C138 /* LaunchScreen.storyboard */ = {
			isa = PBXVariantGroup;
			children = (
				F3F4B8E91BD92CB800A8C138 /* Base */,
			);
			name = LaunchScreen.storyboard;
			sourceTree = "<group>";
		};
/* End PBXVariantGroup section */

/* Begin XCBuildConfiguration section */
		F3F4B8EC1BD92CB800A8C138 /* Debug */ = {
			isa = XCBuildConfiguration;
			buildSettings = {
				ALWAYS_SEARCH_USER_PATHS = NO;
				CLANG_CXX_LANGUAGE_STANDARD = "gnu++0x";
				CLANG_CXX_LIBRARY = "libc++";
				CLANG_ENABLE_MODULES = YES;
				CLANG_ENABLE_OBJC_ARC = YES;
				CLANG_WARN_BOOL_CONVERSION = YES;
				CLANG_WARN_CONSTANT_CONVERSION = YES;
				CLANG_WARN_DIRECT_OBJC_ISA_USAGE = YES_ERROR;
				CLANG_WARN_EMPTY_BODY = YES;
				CLANG_WARN_ENUM_CONVERSION = YES;
				CLANG_WARN_INT_CONVERSION = YES;
				CLANG_WARN_OBJC_ROOT_CLASS = YES_ERROR;
				CLANG_WARN_UNREACHABLE_CODE = YES;
				CLANG_WARN__DUPLICATE_METHOD_MATCH = YES;
				"CODE_SIGN_IDENTITY[sdk=iphoneos*]" = "iPhone Developer";
				COPY_PHASE_STRIP = NO;
				DEBUG_INFORMATION_FORMAT = dwarf;
				ENABLE_BITCODE = NO;
				ENABLE_STRICT_OBJC_MSGSEND = YES;
				ENABLE_TESTABILITY = YES;
				GCC_C_LANGUAGE_STANDARD = gnu99;
				GCC_DYNAMIC_NO_PIC = NO;
				GCC_NO_COMMON_BLOCKS = YES;
				GCC_OPTIMIZATION_LEVEL = 0;
				GCC_PREPROCESSOR_DEFINITIONS = (
					"DEBUG=1",
					"$(inherited)",
				);
				GCC_WARN_64_TO_32_BIT_CONVERSION = YES;
				GCC_WARN_ABOUT_RETURN_TYPE = YES_ERROR;
				GCC_WARN_UNDECLARED_SELECTOR = YES;
				GCC_WARN_UNINITIALIZED_AUTOS = YES_AGGRESSIVE;
				GCC_WARN_UNUSED_FUNCTION = YES;
				GCC_WARN_UNUSED_VARIABLE = YES;
				IPHONEOS_DEPLOYMENT_TARGET = 9.0;
				MTL_ENABLE_DEBUG_INFO = YES;
				ONLY_ACTIVE_ARCH = YES;
				SDKROOT = iphoneos;
				SWIFT_OPTIMIZATION_LEVEL = "-Onone";
			};
			name = Debug;
		};
		F3F4B8ED1BD92CB800A8C138 /* Release */ = {
			isa = XCBuildConfiguration;
			buildSettings = {
				ALWAYS_SEARCH_USER_PATHS = NO;
				CLANG_CXX_LANGUAGE_STANDARD = "gnu++0x";
				CLANG_CXX_LIBRARY = "libc++";
				CLANG_ENABLE_MODULES = YES;
				CLANG_ENABLE_OBJC_ARC = YES;
				CLANG_WARN_BOOL_CONVERSION = YES;
				CLANG_WARN_CONSTANT_CONVERSION = YES;
				CLANG_WARN_DIRECT_OBJC_ISA_USAGE = YES_ERROR;
				CLANG_WARN_EMPTY_BODY = YES;
				CLANG_WARN_ENUM_CONVERSION = YES;
				CLANG_WARN_INT_CONVERSION = YES;
				CLANG_WARN_OBJC_ROOT_CLASS = YES_ERROR;
				CLANG_WARN_UNREACHABLE_CODE = YES;
				CLANG_WARN__DUPLICATE_METHOD_MATCH = YES;
				"CODE_SIGN_IDENTITY[sdk=iphoneos*]" = "iPhone Developer";
				COPY_PHASE_STRIP = NO;
				DEBUG_INFORMATION_FORMAT = "dwarf-with-dsym";
				ENABLE_BITCODE = NO;
				ENABLE_NS_ASSERTIONS = NO;
				ENABLE_STRICT_OBJC_MSGSEND = YES;
				GCC_C_LANGUAGE_STANDARD = gnu99;
				GCC_NO_COMMON_BLOCKS = YES;
				GCC_WARN_64_TO_32_BIT_CONVERSION = YES;
				GCC_WARN_ABOUT_RETURN_TYPE = YES_ERROR;
				GCC_WARN_UNDECLARED_SELECTOR = YES;
				GCC_WARN_UNINITIALIZED_AUTOS = YES_AGGRESSIVE;
				GCC_WARN_UNUSED_FUNCTION = YES;
				GCC_WARN_UNUSED_VARIABLE = YES;
				IPHONEOS_DEPLOYMENT_TARGET = 9.0;
				MTL_ENABLE_DEBUG_INFO = NO;
				SDKROOT = iphoneos;
				VALIDATE_PRODUCT = YES;
			};
			name = Release;
		};
		F3F4B8EF1BD92CB800A8C138 /* Debug */ = {
			isa = XCBuildConfiguration;
			buildSettings = {
				ASSETCATALOG_COMPILER_APPICON_NAME = AppIcon;
				FRAMEWORK_SEARCH_PATHS = (
					"$(inherited)",
					"$(PROJECT_DIR)",
				);
				INFOPLIST_FILE = golangServer/Info.plist;
				LD_RUNPATH_SEARCH_PATHS = "$(inherited) @executable_path/Frameworks";
				PRODUCT_BUNDLE_IDENTIFIER = me.bugman.golangServer;
				PRODUCT_NAME = "$(TARGET_NAME)";
			};
			name = Debug;
		};
		F3F4B8F01BD92CB800A8C138 /* Release */ = {
			isa = XCBuildConfiguration;
			buildSettings = {
				ASSETCATALOG_COMPILER_APPICON_NAME = AppIcon;
				FRAMEWORK_SEARCH_PATHS = (
					"$(inherited)",
					"$(PROJECT_DIR)",
				);
				INFOPLIST_FILE = golangServer/Info.plist;
				LD_RUNPATH_SEARCH_PATHS = "$(inherited) @executable_path/Frameworks";
				PRODUCT_BUNDLE_IDENTIFIER = me.bugman.golangServer;
				PRODUCT_NAME = "$(TARGET_NAME)";
			};
			name = Release;
		};
/* End XCBuildConfiguration section */

/* Begin XCConfigurationList section */
		F3F4B8D71BD92CB800A8C138 /* Build configuration list for PBXProject "golangServer" */ = {
			isa = XCConfigurationList;
			buildConfigurations = (
				F3F4B8EC1BD92CB800A8C138 /* Debug */,
				F3F4B8ED1BD92CB800A8C138 /* Release */,
			);
			defaultConfigurationIsVisible = 0;
			defaultConfigurationName = Release;
		};
		F3F4B8EE1BD92CB800A8C138 /* Build configuration list for PBXNativeTarget "golangServer" */ = {
			isa = XCConfigurationList;
			buildConfigurations = (
				F3F4B8EF1BD92CB800A8C138 /* Debug */,
				F3F4B8F01BD92CB800A8C138 /* Release */,
			);
			defaultConfigurationIsVisible = 0;
			defaultConfigurationName = Release;
		};
/* End XCConfigurationList section */
	};
	rootObject = F3F4B8D41BD92CB800A8C138 /* Project object */;
}
